
Microsoft Visual Studio Solution File, Format Version 12.00
# Visual Studio Version 17
VisualStudioVersion = 17.5.002.0
MinimumVisualStudioVersion = 10.0.40219.1
Project("{9A19103F-16F7-4668-BE54-9A1E7A4F7556}") = "AWWW_lab1_gr3", "AWWW_lab1_gr3\AWWW_lab1_gr3.csproj", "{928D2776-8526-4DE7-A532-8FFF4E43C588}"
EndProject
Global
	GlobalSection(SolutionConfigurationPlatforms) = preSolution
		Debug|Any CPU = Debug|Any CPU
		Release|Any CPU = Release|Any CPU
	EndGlobalSection
	GlobalSection(ProjectConfigurationPlatforms) = postSolution
		{928D2776-8526-4DE7-A532-8FFF4E43C588}.Debug|Any CPU.ActiveCfg = Debug|Any CPU
		{928D2776-8526-4DE7-A532-8FFF4E43C588}.Debug|Any CPU.Build.0 = Debug|Any CPU
		{928D2776-8526-4DE7-A532-8FFF4E43C588}.Release|Any CPU.ActiveCfg = Release|Any CPU
		{928D2776-8526-4DE7-A532-8FFF4E43C588}.Release|Any CPU.Build.0 = Release|Any CPU
	EndGlobalSection
	GlobalSection(SolutionProperties) = preSolution
		HideSolutionNode = FALSE
	EndGlobalSection
	GlobalSection(ExtensibilityGlobals) = postSolution
		SolutionGuid = {186BE5A8-04C7-4BAF-ABED-0BB9432A6E0C}
	EndGlobalSection
EndGlobal
