
Microsoft Visual Studio Solution File, Format Version 12.00
# Visual Studio Version 17
VisualStudioVersion = 17.0.31903.59
MinimumVisualStudioVersion = 10.0.40219.1
Project("{FAE04EC0-301F-11D3-BF4B-00C04F79EFBC}") = "SchoolRegister.Web", "SchoolRegister.Web\SchoolRegister.Web.csproj", "{898AA72A-E52B-41E0-9A90-BC1EC4D3ED50}"
EndProject
Project("{FAE04EC0-301F-11D3-BF4B-00C04F79EFBC}") = "SchoolRegister.Model", "SchoolRegister.Model\SchoolRegister.Model.csproj", "{95FF5367-0419-43DC-974F-3C625BA2A437}"
EndProject
Project("{FAE04EC0-301F-11D3-BF4B-00C04F79EFBC}") = "SchoolRegister.DAL", "SchoolRegister.DAL\SchoolRegister.DAL.csproj", "{AB067EFA-451D-462D-AD37-EC4FCAE179D4}"
EndProject
Project("{FAE04EC0-301F-11D3-BF4B-00C04F79EFBC}") = "SchoolRegister.Services", "SchoolRegister.Services\SchoolRegister.Services.csproj", "{4C2BA0B9-0551-483C-8BB7-24DC09FC422F}"
EndProject
Project("{FAE04EC0-301F-11D3-BF4B-00C04F79EFBC}") = "SchoolRegister.ViewModels", "SchoolRegister.ViewModels\SchoolRegister.ViewModels.csproj", "{21CFB590-FDDB-47B2-B8CC-474718ED7BF6}"
EndProject
Global
	GlobalSection(SolutionConfigurationPlatforms) = preSolution
		Debug|Any CPU = Debug|Any CPU
		Release|Any CPU = Release|Any CPU
	EndGlobalSection
	GlobalSection(SolutionProperties) = preSolution
		HideSolutionNode = FALSE
	EndGlobalSection
	GlobalSection(ProjectConfigurationPlatforms) = postSolution
		{898AA72A-E52B-41E0-9A90-BC1EC4D3ED50}.Debug|Any CPU.ActiveCfg = Debug|Any CPU
		{898AA72A-E52B-41E0-9A90-BC1EC4D3ED50}.Debug|Any CPU.Build.0 = Debug|Any CPU
		{898AA72A-E52B-41E0-9A90-BC1EC4D3ED50}.Release|Any CPU.ActiveCfg = Release|Any CPU
		{898AA72A-E52B-41E0-9A90-BC1EC4D3ED50}.Release|Any CPU.Build.0 = Release|Any CPU
		{95FF5367-0419-43DC-974F-3C625BA2A437}.Debug|Any CPU.ActiveCfg = Debug|Any CPU
		{95FF5367-0419-43DC-974F-3C625BA2A437}.Debug|Any CPU.Build.0 = Debug|Any CPU
		{95FF5367-0419-43DC-974F-3C625BA2A437}.Release|Any CPU.ActiveCfg = Release|Any CPU
		{95FF5367-0419-43DC-974F-3C625BA2A437}.Release|Any CPU.Build.0 = Release|Any CPU
		{AB067EFA-451D-462D-AD37-EC4FCAE179D4}.Debug|Any CPU.ActiveCfg = Debug|Any CPU
		{AB067EFA-451D-462D-AD37-EC4FCAE179D4}.Debug|Any CPU.Build.0 = Debug|Any CPU
		{AB067EFA-451D-462D-AD37-EC4FCAE179D4}.Release|Any CPU.ActiveCfg = Release|Any CPU
		{AB067EFA-451D-462D-AD37-EC4FCAE179D4}.Release|Any CPU.Build.0 = Release|Any CPU
		{4C2BA0B9-0551-483C-8BB7-24DC09FC422F}.Debug|Any CPU.ActiveCfg = Debug|Any CPU
		{4C2BA0B9-0551-483C-8BB7-24DC09FC422F}.Debug|Any CPU.Build.0 = Debug|Any CPU
		{4C2BA0B9-0551-483C-8BB7-24DC09FC422F}.Release|Any CPU.ActiveCfg = Release|Any CPU
		{4C2BA0B9-0551-483C-8BB7-24DC09FC422F}.Release|Any CPU.Build.0 = Release|Any CPU
		{21CFB590-FDDB-47B2-B8CC-474718ED7BF6}.Debug|Any CPU.ActiveCfg = Debug|Any CPU
		{21CFB590-FDDB-47B2-B8CC-474718ED7BF6}.Debug|Any CPU.Build.0 = Debug|Any CPU
		{21CFB590-FDDB-47B2-B8CC-474718ED7BF6}.Release|Any CPU.ActiveCfg = Release|Any CPU
		{21CFB590-FDDB-47B2-B8CC-474718ED7BF6}.Release|Any CPU.Build.0 = Release|Any CPU
	EndGlobalSection
EndGlobal
