
Microsoft Visual Studio Solution File, Format Version 12.00
# Visual Studio Version 17
VisualStudioVersion = 17.5.002.0
MinimumVisualStudioVersion = 10.0.40219.1
Project("{9A19103F-16F7-4668-BE54-9A1E7A4F7556}") = "AWWW_lab1_gr2", "AWWW_lab1_gr2\AWWW_lab1_gr2.csproj", "{582B89FD-CFB9-4A2C-974D-C5F4A047AF02}"
EndProject
Global
	GlobalSection(SolutionConfigurationPlatforms) = preSolution
		Debug|Any CPU = Debug|Any CPU
		Release|Any CPU = Release|Any CPU
	EndGlobalSection
	GlobalSection(ProjectConfigurationPlatforms) = postSolution
		{582B89FD-CFB9-4A2C-974D-C5F4A047AF02}.Debug|Any CPU.ActiveCfg = Debug|Any CPU
		{582B89FD-CFB9-4A2C-974D-C5F4A047AF02}.Debug|Any CPU.Build.0 = Debug|Any CPU
		{582B89FD-CFB9-4A2C-974D-C5F4A047AF02}.Release|Any CPU.ActiveCfg = Release|Any CPU
		{582B89FD-CFB9-4A2C-974D-C5F4A047AF02}.Release|Any CPU.Build.0 = Release|Any CPU
	EndGlobalSection
	GlobalSection(SolutionProperties) = preSolution
		HideSolutionNode = FALSE
	EndGlobalSection
	GlobalSection(ExtensibilityGlobals) = postSolution
		SolutionGuid = {E579D17D-DC9E-437F-9793-F414CA685B4B}
	EndGlobalSection
EndGlobal
