
Microsoft Visual Studio Solution File, Format Version 12.00
# Visual Studio Version 17
VisualStudioVersion = 17.5.002.0
MinimumVisualStudioVersion = 10.0.40219.1
Project("{9A19103F-16F7-4668-BE54-9A1E7A4F7556}") = "AWWW_lab1_gr2", "AWWW_lab1_gr2\AWWW_lab1_gr2.csproj", "{41D7C83F-A962-4807-B561-04149A123FDF}"
EndProject
Global
	GlobalSection(SolutionConfigurationPlatforms) = preSolution
		Debug|Any CPU = Debug|Any CPU
		Release|Any CPU = Release|Any CPU
	EndGlobalSection
	GlobalSection(ProjectConfigurationPlatforms) = postSolution
		{41D7C83F-A962-4807-B561-04149A123FDF}.Debug|Any CPU.ActiveCfg = Debug|Any CPU
		{41D7C83F-A962-4807-B561-04149A123FDF}.Debug|Any CPU.Build.0 = Debug|Any CPU
		{41D7C83F-A962-4807-B561-04149A123FDF}.Release|Any CPU.ActiveCfg = Release|Any CPU
		{41D7C83F-A962-4807-B561-04149A123FDF}.Release|Any CPU.Build.0 = Release|Any CPU
	EndGlobalSection
	GlobalSection(SolutionProperties) = preSolution
		HideSolutionNode = FALSE
	EndGlobalSection
	GlobalSection(ExtensibilityGlobals) = postSolution
		SolutionGuid = {BE04A1C5-2999-4FCD-A4F9-E75484FFB495}
	EndGlobalSection
EndGlobal
