
Microsoft Visual Studio Solution File, Format Version 12.00
# Visual Studio Version 17
VisualStudioVersion = 17.5.002.0
MinimumVisualStudioVersion = 10.0.40219.1
Project("{9A19103F-16F7-4668-BE54-9A1E7A4F7556}") = "AWWW_lab1_gr5", "AWWW_lab1_gr5\AWWW_lab1_gr5.csproj", "{DFB75A3F-DE60-4DB3-BC0E-AB5112ABA0A7}"
EndProject
Global
	GlobalSection(SolutionConfigurationPlatforms) = preSolution
		Debug|Any CPU = Debug|Any CPU
		Release|Any CPU = Release|Any CPU
	EndGlobalSection
	GlobalSection(ProjectConfigurationPlatforms) = postSolution
		{DFB75A3F-DE60-4DB3-BC0E-AB5112ABA0A7}.Debug|Any CPU.ActiveCfg = Debug|Any CPU
		{DFB75A3F-DE60-4DB3-BC0E-AB5112ABA0A7}.Debug|Any CPU.Build.0 = Debug|Any CPU
		{DFB75A3F-DE60-4DB3-BC0E-AB5112ABA0A7}.Release|Any CPU.ActiveCfg = Release|Any CPU
		{DFB75A3F-DE60-4DB3-BC0E-AB5112ABA0A7}.Release|Any CPU.Build.0 = Release|Any CPU
	EndGlobalSection
	GlobalSection(SolutionProperties) = preSolution
		HideSolutionNode = FALSE
	EndGlobalSection
	GlobalSection(ExtensibilityGlobals) = postSolution
		SolutionGuid = {F2F1A49B-B315-4B8C-B944-660FD6B4848B}
	EndGlobalSection
EndGlobal
