
Microsoft Visual Studio Solution File, Format Version 12.00
# Visual Studio Version 17
VisualStudioVersion = 17.5.002.0
MinimumVisualStudioVersion = 10.0.40219.1
Project("{9A19103F-16F7-4668-BE54-9A1E7A4F7556}") = "AWWW_lab1_gr2", "AWWW_lab1_gr2\AWWW_lab1_gr2.csproj", "{D74C6EEC-7FE8-453A-A44F-0D1FE8D7F33A}"
EndProject
Global
	GlobalSection(SolutionConfigurationPlatforms) = preSolution
		Debug|Any CPU = Debug|Any CPU
		Release|Any CPU = Release|Any CPU
	EndGlobalSection
	GlobalSection(ProjectConfigurationPlatforms) = postSolution
		{D74C6EEC-7FE8-453A-A44F-0D1FE8D7F33A}.Debug|Any CPU.ActiveCfg = Debug|Any CPU
		{D74C6EEC-7FE8-453A-A44F-0D1FE8D7F33A}.Debug|Any CPU.Build.0 = Debug|Any CPU
		{D74C6EEC-7FE8-453A-A44F-0D1FE8D7F33A}.Release|Any CPU.ActiveCfg = Release|Any CPU
		{D74C6EEC-7FE8-453A-A44F-0D1FE8D7F33A}.Release|Any CPU.Build.0 = Release|Any CPU
	EndGlobalSection
	GlobalSection(SolutionProperties) = preSolution
		HideSolutionNode = FALSE
	EndGlobalSection
	GlobalSection(ExtensibilityGlobals) = postSolution
		SolutionGuid = {497556DB-10E1-4B09-A55C-BFF110F9DB16}
	EndGlobalSection
EndGlobal
