
Microsoft Visual Studio Solution File, Format Version 12.00
# Visual Studio Version 17
VisualStudioVersion = 17.14.36203.30 d17.14
MinimumVisualStudioVersion = 10.0.40219.1
Project("{8BC9CEB8-8B4A-11D0-8D11-00A0C91BC942}") = "AWWW_lab8_gr1", "AWWW_lab8_gr1.vcxproj", "{1DD3F665-E849-4D1D-96C5-95479C7A31E2}"
EndProject
Project("{FAE04EC0-301F-11D3-BF4B-00C04F79EFBC}") = "DAL", "..\DAL\DAL.csproj", "{DEB3DC7C-5059-F4AD-2883-65AE6414B1AF}"
EndProject
Project("{FAE04EC0-301F-11D3-BF4B-00C04F79EFBC}") = "Services", "..\Services\Services.csproj", "{6383C15B-5AA6-14CC-E6DE-B8C238620A33}"
EndProject
Project("{FAE04EC0-301F-11D3-BF4B-00C04F79EFBC}") = "Model", "..\Model\Model.csproj", "{19C7C86B-88DA-9A98-B57D-7FA23AB4DA69}"
EndProject
Project("{FAE04EC0-301F-11D3-BF4B-00C04F79EFBC}") = "Web", "..\Web\Web.csproj", "{BDAAE4BA-8512-F499-7C7F-A68C84A524DB}"
EndProject
Global
	GlobalSection(SolutionConfigurationPlatforms) = preSolution
		Debug|Any CPU = Debug|Any CPU
		Debug|x64 = Debug|x64
		Debug|x86 = Debug|x86
		Release|Any CPU = Release|Any CPU
		Release|x64 = Release|x64
		Release|x86 = Release|x86
	EndGlobalSection
	GlobalSection(ProjectConfigurationPlatforms) = postSolution
		{1DD3F665-E849-4D1D-96C5-95479C7A31E2}.Debug|Any CPU.ActiveCfg = Debug|x64
		{1DD3F665-E849-4D1D-96C5-95479C7A31E2}.Debug|Any CPU.Build.0 = Debug|x64
		{1DD3F665-E849-4D1D-96C5-95479C7A31E2}.Debug|x64.ActiveCfg = Debug|x64
		{1DD3F665-E849-4D1D-96C5-95479C7A31E2}.Debug|x64.Build.0 = Debug|x64
		{1DD3F665-E849-4D1D-96C5-95479C7A31E2}.Debug|x86.ActiveCfg = Debug|Win32
		{1DD3F665-E849-4D1D-96C5-95479C7A31E2}.Debug|x86.Build.0 = Debug|Win32
		{1DD3F665-E849-4D1D-96C5-95479C7A31E2}.Release|Any CPU.ActiveCfg = Release|x64
		{1DD3F665-E849-4D1D-96C5-95479C7A31E2}.Release|Any CPU.Build.0 = Release|x64
		{1DD3F665-E849-4D1D-96C5-95479C7A31E2}.Release|x64.ActiveCfg = Release|x64
		{1DD3F665-E849-4D1D-96C5-95479C7A31E2}.Release|x64.Build.0 = Release|x64
		{1DD3F665-E849-4D1D-96C5-95479C7A31E2}.Release|x86.ActiveCfg = Release|Win32
		{1DD3F665-E849-4D1D-96C5-95479C7A31E2}.Release|x86.Build.0 = Release|Win32
		{DEB3DC7C-5059-F4AD-2883-65AE6414B1AF}.Debug|Any CPU.ActiveCfg = Debug|Any CPU
		{DEB3DC7C-5059-F4AD-2883-65AE6414B1AF}.Debug|Any CPU.Build.0 = Debug|Any CPU
		{DEB3DC7C-5059-F4AD-2883-65AE6414B1AF}.Debug|x64.ActiveCfg = Debug|Any CPU
		{DEB3DC7C-5059-F4AD-2883-65AE6414B1AF}.Debug|x64.Build.0 = Debug|Any CPU
		{DEB3DC7C-5059-F4AD-2883-65AE6414B1AF}.Debug|x86.ActiveCfg = Debug|Any CPU
		{DEB3DC7C-5059-F4AD-2883-65AE6414B1AF}.Debug|x86.Build.0 = Debug|Any CPU
		{DEB3DC7C-5059-F4AD-2883-65AE6414B1AF}.Release|Any CPU.ActiveCfg = Release|Any CPU
		{DEB3DC7C-5059-F4AD-2883-65AE6414B1AF}.Release|Any CPU.Build.0 = Release|Any CPU
		{DEB3DC7C-5059-F4AD-2883-65AE6414B1AF}.Release|x64.ActiveCfg = Release|Any CPU
		{DEB3DC7C-5059-F4AD-2883-65AE6414B1AF}.Release|x64.Build.0 = Release|Any CPU
		{DEB3DC7C-5059-F4AD-2883-65AE6414B1AF}.Release|x86.ActiveCfg = Release|Any CPU
		{DEB3DC7C-5059-F4AD-2883-65AE6414B1AF}.Release|x86.Build.0 = Release|Any CPU
		{6383C15B-5AA6-14CC-E6DE-B8C238620A33}.Debug|Any CPU.ActiveCfg = Debug|Any CPU
		{6383C15B-5AA6-14CC-E6DE-B8C238620A33}.Debug|Any CPU.Build.0 = Debug|Any CPU
		{6383C15B-5AA6-14CC-E6DE-B8C238620A33}.Debug|x64.ActiveCfg = Debug|Any CPU
		{6383C15B-5AA6-14CC-E6DE-B8C238620A33}.Debug|x64.Build.0 = Debug|Any CPU
		{6383C15B-5AA6-14CC-E6DE-B8C238620A33}.Debug|x86.ActiveCfg = Debug|Any CPU
		{6383C15B-5AA6-14CC-E6DE-B8C238620A33}.Debug|x86.Build.0 = Debug|Any CPU
		{6383C15B-5AA6-14CC-E6DE-B8C238620A33}.Release|Any CPU.ActiveCfg = Release|Any CPU
		{6383C15B-5AA6-14CC-E6DE-B8C238620A33}.Release|Any CPU.Build.0 = Release|Any CPU
		{6383C15B-5AA6-14CC-E6DE-B8C238620A33}.Release|x64.ActiveCfg = Release|Any CPU
		{6383C15B-5AA6-14CC-E6DE-B8C238620A33}.Release|x64.Build.0 = Release|Any CPU
		{6383C15B-5AA6-14CC-E6DE-B8C238620A33}.Release|x86.ActiveCfg = Release|Any CPU
		{6383C15B-5AA6-14CC-E6DE-B8C238620A33}.Release|x86.Build.0 = Release|Any CPU
		{19C7C86B-88DA-9A98-B57D-7FA23AB4DA69}.Debug|Any CPU.ActiveCfg = Debug|Any CPU
		{19C7C86B-88DA-9A98-B57D-7FA23AB4DA69}.Debug|Any CPU.Build.0 = Debug|Any CPU
		{19C7C86B-88DA-9A98-B57D-7FA23AB4DA69}.Debug|x64.ActiveCfg = Debug|Any CPU
		{19C7C86B-88DA-9A98-B57D-7FA23AB4DA69}.Debug|x64.Build.0 = Debug|Any CPU
		{19C7C86B-88DA-9A98-B57D-7FA23AB4DA69}.Debug|x86.ActiveCfg = Debug|Any CPU
		{19C7C86B-88DA-9A98-B57D-7FA23AB4DA69}.Debug|x86.Build.0 = Debug|Any CPU
		{19C7C86B-88DA-9A98-B57D-7FA23AB4DA69}.Release|Any CPU.ActiveCfg = Release|Any CPU
		{19C7C86B-88DA-9A98-B57D-7FA23AB4DA69}.Release|Any CPU.Build.0 = Release|Any CPU
		{19C7C86B-88DA-9A98-B57D-7FA23AB4DA69}.Release|x64.ActiveCfg = Release|Any CPU
		{19C7C86B-88DA-9A98-B57D-7FA23AB4DA69}.Release|x64.Build.0 = Release|Any CPU
		{19C7C86B-88DA-9A98-B57D-7FA23AB4DA69}.Release|x86.ActiveCfg = Release|Any CPU
		{19C7C86B-88DA-9A98-B57D-7FA23AB4DA69}.Release|x86.Build.0 = Release|Any CPU
		{BDAAE4BA-8512-F499-7C7F-A68C84A524DB}.Debug|Any CPU.ActiveCfg = Debug|Any CPU
		{BDAAE4BA-8512-F499-7C7F-A68C84A524DB}.Debug|Any CPU.Build.0 = Debug|Any CPU
		{BDAAE4BA-8512-F499-7C7F-A68C84A524DB}.Debug|x64.ActiveCfg = Debug|Any CPU
		{BDAAE4BA-8512-F499-7C7F-A68C84A524DB}.Debug|x64.Build.0 = Debug|Any CPU
		{BDAAE4BA-8512-F499-7C7F-A68C84A524DB}.Debug|x86.ActiveCfg = Debug|Any CPU
		{BDAAE4BA-8512-F499-7C7F-A68C84A524DB}.Debug|x86.Build.0 = Debug|Any CPU
		{BDAAE4BA-8512-F499-7C7F-A68C84A524DB}.Release|Any CPU.ActiveCfg = Release|Any CPU
		{BDAAE4BA-8512-F499-7C7F-A68C84A524DB}.Release|Any CPU.Build.0 = Release|Any CPU
		{BDAAE4BA-8512-F499-7C7F-A68C84A524DB}.Release|x64.ActiveCfg = Release|Any CPU
		{BDAAE4BA-8512-F499-7C7F-A68C84A524DB}.Release|x64.Build.0 = Release|Any CPU
		{BDAAE4BA-8512-F499-7C7F-A68C84A524DB}.Release|x86.ActiveCfg = Release|Any CPU
		{BDAAE4BA-8512-F499-7C7F-A68C84A524DB}.Release|x86.Build.0 = Release|Any CPU
	EndGlobalSection
	GlobalSection(SolutionProperties) = preSolution
		HideSolutionNode = FALSE
	EndGlobalSection
	GlobalSection(ExtensibilityGlobals) = postSolution
		SolutionGuid = {0EF99649-F1CA-4FAC-9648-CC44176CA61E}
	EndGlobalSection
EndGlobal
