
Microsoft Visual Studio Solution File, Format Version 12.00
# Visual Studio Version 17
VisualStudioVersion = 17.5.002.0
MinimumVisualStudioVersion = 10.0.40219.1
Project("{9A19103F-16F7-4668-BE54-9A1E7A4F7556}") = "AWWW_lab1_gr1", "AWWW_lab1_gr1.csproj", "{EEBBB3BA-22E3-406D-B4B3-AE04EB6E9EEA}"
EndProject
Global
	GlobalSection(SolutionConfigurationPlatforms) = preSolution
		Debug|Any CPU = Debug|Any CPU
		Release|Any CPU = Release|Any CPU
	EndGlobalSection
	GlobalSection(ProjectConfigurationPlatforms) = postSolution
		{EEBBB3BA-22E3-406D-B4B3-AE04EB6E9EEA}.Debug|Any CPU.ActiveCfg = Debug|Any CPU
		{EEBBB3BA-22E3-406D-B4B3-AE04EB6E9EEA}.Debug|Any CPU.Build.0 = Debug|Any CPU
		{EEBBB3BA-22E3-406D-B4B3-AE04EB6E9EEA}.Release|Any CPU.ActiveCfg = Release|Any CPU
		{EEBBB3BA-22E3-406D-B4B3-AE04EB6E9EEA}.Release|Any CPU.Build.0 = Release|Any CPU
	EndGlobalSection
	GlobalSection(SolutionProperties) = preSolution
		HideSolutionNode = FALSE
	EndGlobalSection
	GlobalSection(ExtensibilityGlobals) = postSolution
		SolutionGuid = {C03AE740-12DD-475E-BC12-D7A9B5AEED85}
	EndGlobalSection
EndGlobal
