
Microsoft Visual Studio Solution File, Format Version 12.00
# Visual Studio Version 17
VisualStudioVersion = 17.13.35919.96
MinimumVisualStudioVersion = 10.0.40219.1
Project("{9A19103F-16F7-4668-BE54-9A1E7A4F7556}") = "Web", "AWW_lab5_gr1\Web.csproj", "{EAE24C54-DCD1-4224-AEA9-D57A1858D1A3}"
EndProject
Project("{9A19103F-16F7-4668-BE54-9A1E7A4F7556}") = "Model", "Model\Model.csproj", "{7F031FEF-2405-404E-B913-19B09C942166}"
EndProject
Project("{9A19103F-16F7-4668-BE54-9A1E7A4F7556}") = "DAL", "DAL\DAL.csproj", "{6D8B8D23-B73F-412B-9207-D64D81F2310B}"
EndProject
Project("{9A19103F-16F7-4668-BE54-9A1E7A4F7556}") = "Services", "Services\Services.csproj", "{D64DEC25-210F-4AC4-9821-2DA85FF9F6F9}"
EndProject
Global
	GlobalSection(SolutionConfigurationPlatforms) = preSolution
		Debug|Any CPU = Debug|Any CPU
		Release|Any CPU = Release|Any CPU
	EndGlobalSection
	GlobalSection(ProjectConfigurationPlatforms) = postSolution
		{EAE24C54-DCD1-4224-AEA9-D57A1858D1A3}.Debug|Any CPU.ActiveCfg = Debug|Any CPU
		{EAE24C54-DCD1-4224-AEA9-D57A1858D1A3}.Debug|Any CPU.Build.0 = Debug|Any CPU
		{EAE24C54-DCD1-4224-AEA9-D57A1858D1A3}.Release|Any CPU.ActiveCfg = Release|Any CPU
		{EAE24C54-DCD1-4224-AEA9-D57A1858D1A3}.Release|Any CPU.Build.0 = Release|Any CPU
		{7F031FEF-2405-404E-B913-19B09C942166}.Debug|Any CPU.ActiveCfg = Debug|Any CPU
		{7F031FEF-2405-404E-B913-19B09C942166}.Debug|Any CPU.Build.0 = Debug|Any CPU
		{7F031FEF-2405-404E-B913-19B09C942166}.Release|Any CPU.ActiveCfg = Release|Any CPU
		{7F031FEF-2405-404E-B913-19B09C942166}.Release|Any CPU.Build.0 = Release|Any CPU
		{6D8B8D23-B73F-412B-9207-D64D81F2310B}.Debug|Any CPU.ActiveCfg = Debug|Any CPU
		{6D8B8D23-B73F-412B-9207-D64D81F2310B}.Debug|Any CPU.Build.0 = Debug|Any CPU
		{6D8B8D23-B73F-412B-9207-D64D81F2310B}.Release|Any CPU.ActiveCfg = Release|Any CPU
		{6D8B8D23-B73F-412B-9207-D64D81F2310B}.Release|Any CPU.Build.0 = Release|Any CPU
		{D64DEC25-210F-4AC4-9821-2DA85FF9F6F9}.Debug|Any CPU.ActiveCfg = Debug|Any CPU
		{D64DEC25-210F-4AC4-9821-2DA85FF9F6F9}.Debug|Any CPU.Build.0 = Debug|Any CPU
		{D64DEC25-210F-4AC4-9821-2DA85FF9F6F9}.Release|Any CPU.ActiveCfg = Release|Any CPU
		{D64DEC25-210F-4AC4-9821-2DA85FF9F6F9}.Release|Any CPU.Build.0 = Release|Any CPU
	EndGlobalSection
	GlobalSection(SolutionProperties) = preSolution
		HideSolutionNode = FALSE
	EndGlobalSection
	GlobalSection(ExtensibilityGlobals) = postSolution
		SolutionGuid = {95EEADA8-D11D-44EC-B01E-4EE72512FB2D}
	EndGlobalSection
EndGlobal
