
Microsoft Visual Studio Solution File, Format Version 12.00
# Visual Studio Version 17
VisualStudioVersion = 17.13.35913.81
MinimumVisualStudioVersion = 10.0.40219.1
Project("{FAE04EC0-301F-11D3-BF4B-00C04F79EFBC}") = "AWWW_lab2_gr3", "AWWW_lab2_gr3.csproj", "{7145FE90-E0AB-F507-EB22-F95C7F665BEC}"
EndProject
Global
	GlobalSection(SolutionConfigurationPlatforms) = preSolution
		Debug|Any CPU = Debug|Any CPU
		Release|Any CPU = Release|Any CPU
	EndGlobalSection
	GlobalSection(ProjectConfigurationPlatforms) = postSolution
		{7145FE90-E0AB-F507-EB22-F95C7F665BEC}.Debug|Any CPU.ActiveCfg = Debug|Any CPU
		{7145FE90-E0AB-F507-EB22-F95C7F665BEC}.Debug|Any CPU.Build.0 = Debug|Any CPU
		{7145FE90-E0AB-F507-EB22-F95C7F665BEC}.Release|Any CPU.ActiveCfg = Release|Any CPU
		{7145FE90-E0AB-F507-EB22-F95C7F665BEC}.Release|Any CPU.Build.0 = Release|Any CPU
	EndGlobalSection
	GlobalSection(SolutionProperties) = preSolution
		HideSolutionNode = FALSE
	EndGlobalSection
	GlobalSection(ExtensibilityGlobals) = postSolution
		SolutionGuid = {56F33E7B-C916-4929-A38E-A5918B8FCD5A}
	EndGlobalSection
EndGlobal
