
Microsoft Visual Studio Solution File, Format Version 12.00
# Visual Studio Version 17
VisualStudioVersion = 17.9.34622.214
MinimumVisualStudioVersion = 10.0.40219.1
Project("{FAE04EC0-301F-11D3-BF4B-00C04F79EFBC}") = "AWWW_lab3_gr2", "AWWW_lab3_gr2.csproj", "{BE183F7A-B4CF-46FB-9D0C-54C468EFA22C}"
EndProject
Global
	GlobalSection(SolutionConfigurationPlatforms) = preSolution
		Debug|Any CPU = Debug|Any CPU
		Release|Any CPU = Release|Any CPU
	EndGlobalSection
	GlobalSection(ProjectConfigurationPlatforms) = postSolution
		{BE183F7A-B4CF-46FB-9D0C-54C468EFA22C}.Debug|Any CPU.ActiveCfg = Debug|Any CPU
		{BE183F7A-B4CF-46FB-9D0C-54C468EFA22C}.Debug|Any CPU.Build.0 = Debug|Any CPU
		{BE183F7A-B4CF-46FB-9D0C-54C468EFA22C}.Release|Any CPU.ActiveCfg = Release|Any CPU
		{BE183F7A-B4CF-46FB-9D0C-54C468EFA22C}.Release|Any CPU.Build.0 = Release|Any CPU
	EndGlobalSection
	GlobalSection(SolutionProperties) = preSolution
		HideSolutionNode = FALSE
	EndGlobalSection
	GlobalSection(ExtensibilityGlobals) = postSolution
		SolutionGuid = {B0D07304-76C5-4CCC-BE8E-EB050BEB1DEC}
	EndGlobalSection
EndGlobal
