
Microsoft Visual Studio Solution File, Format Version 12.00
# Visual Studio Version 17
VisualStudioVersion = 17.9.34622.214
MinimumVisualStudioVersion = 10.0.40219.1
Project("{9A19103F-16F7-4668-BE54-9A1E7A4F7556}") = "AWWW_lab1_gr5", "..\AWWW_lab2_gr5\AWWW_lab1_gr5.csproj", "{3A6A4242-15B5-48C1-98E2-9405618F0C4A}"
EndProject
Global
	GlobalSection(SolutionConfigurationPlatforms) = preSolution
		Debug|Any CPU = Debug|Any CPU
		Release|Any CPU = Release|Any CPU
	EndGlobalSection
	GlobalSection(ProjectConfigurationPlatforms) = postSolution
		{3A6A4242-15B5-48C1-98E2-9405618F0C4A}.Debug|Any CPU.ActiveCfg = Debug|Any CPU
		{3A6A4242-15B5-48C1-98E2-9405618F0C4A}.Debug|Any CPU.Build.0 = Debug|Any CPU
		{3A6A4242-15B5-48C1-98E2-9405618F0C4A}.Release|Any CPU.ActiveCfg = Release|Any CPU
		{3A6A4242-15B5-48C1-98E2-9405618F0C4A}.Release|Any CPU.Build.0 = Release|Any CPU
	EndGlobalSection
	GlobalSection(SolutionProperties) = preSolution
		HideSolutionNode = FALSE
	EndGlobalSection
	GlobalSection(ExtensibilityGlobals) = postSolution
		SolutionGuid = {8CE157E9-5D99-40E9-AF80-45BA87CF7ECB}
	EndGlobalSection
EndGlobal
