
Microsoft Visual Studio Solution File, Format Version 12.00
# Visual Studio Version 17
VisualStudioVersion = 17.5.002.0
MinimumVisualStudioVersion = 10.0.40219.1
Project("{9A19103F-16F7-4668-BE54-9A1E7A4F7556}") = "AWWW_lab1_gr5", "AWWW_lab1_gr5.csproj", "{FCA3015D-5136-4DEB-B1B9-1703D66373AD}"
EndProject
Global
	GlobalSection(SolutionConfigurationPlatforms) = preSolution
		Debug|Any CPU = Debug|Any CPU
		Release|Any CPU = Release|Any CPU
	EndGlobalSection
	GlobalSection(ProjectConfigurationPlatforms) = postSolution
		{FCA3015D-5136-4DEB-B1B9-1703D66373AD}.Debug|Any CPU.ActiveCfg = Debug|Any CPU
		{FCA3015D-5136-4DEB-B1B9-1703D66373AD}.Debug|Any CPU.Build.0 = Debug|Any CPU
		{FCA3015D-5136-4DEB-B1B9-1703D66373AD}.Release|Any CPU.ActiveCfg = Release|Any CPU
		{FCA3015D-5136-4DEB-B1B9-1703D66373AD}.Release|Any CPU.Build.0 = Release|Any CPU
	EndGlobalSection
	GlobalSection(SolutionProperties) = preSolution
		HideSolutionNode = FALSE
	EndGlobalSection
	GlobalSection(ExtensibilityGlobals) = postSolution
		SolutionGuid = {1B3A42C2-E614-4796-B196-777448558A3D}
	EndGlobalSection
EndGlobal
