
Microsoft Visual Studio Solution File, Format Version 12.00
# Visual Studio Version 17
VisualStudioVersion = 17.9.34622.214
MinimumVisualStudioVersion = 10.0.40219.1
Project("{FAE04EC0-301F-11D3-BF4B-00C04F79EFBC}") = "AWW_lab2v1_gr2", "AWW_lab2v1_gr2\AWW_lab2v1_gr2.csproj", "{1F4F90C7-3B64-4535-BD7C-D1A6B706EC83}"
EndProject
Global
	GlobalSection(SolutionConfigurationPlatforms) = preSolution
		Debug|Any CPU = Debug|Any CPU
		Release|Any CPU = Release|Any CPU
	EndGlobalSection
	GlobalSection(ProjectConfigurationPlatforms) = postSolution
		{1F4F90C7-3B64-4535-BD7C-D1A6B706EC83}.Debug|Any CPU.ActiveCfg = Debug|Any CPU
		{1F4F90C7-3B64-4535-BD7C-D1A6B706EC83}.Debug|Any CPU.Build.0 = Debug|Any CPU
		{1F4F90C7-3B64-4535-BD7C-D1A6B706EC83}.Release|Any CPU.ActiveCfg = Release|Any CPU
		{1F4F90C7-3B64-4535-BD7C-D1A6B706EC83}.Release|Any CPU.Build.0 = Release|Any CPU
	EndGlobalSection
	GlobalSection(SolutionProperties) = preSolution
		HideSolutionNode = FALSE
	EndGlobalSection
	GlobalSection(ExtensibilityGlobals) = postSolution
		SolutionGuid = {69653B37-6F27-426B-A363-8E72B3D979F6}
	EndGlobalSection
EndGlobal
