
Microsoft Visual Studio Solution File, Format Version 12.00
# Visual Studio Version 17
VisualStudioVersion = 17.14.37111.16
MinimumVisualStudioVersion = 10.0.40219.1
Project("{FAE04EC0-301F-11D3-BF4B-00C04F79EFBC}") = "AWWW_lab5_gr1", "AWWW_lab5_gr1\AWWW_lab5_gr1.csproj", "{667EECF8-DF0C-48B6-A985-C60E27ABA00A}"
EndProject
Project("{FAE04EC0-301F-11D3-BF4B-00C04F79EFBC}") = "Model", "Model\Model.csproj", "{87BB1D8C-A2EF-469E-A8A8-1240D165AB27}"
EndProject
Project("{FAE04EC0-301F-11D3-BF4B-00C04F79EFBC}") = "DAL", "DAL\DAL.csproj", "{E326F25F-346A-45CF-A266-C619EA7AD987}"
EndProject
Project("{FAE04EC0-301F-11D3-BF4B-00C04F79EFBC}") = "Services", "Services\Services.csproj", "{3BF01453-D1FD-4A2D-9D35-E2A142C1B747}"
EndProject
Project("{FAE04EC0-301F-11D3-BF4B-00C04F79EFBC}") = "Web", "Web\Web.csproj", "{23832704-6288-4807-BD76-C6DB58D71AC0}"
EndProject
Global
	GlobalSection(SolutionConfigurationPlatforms) = preSolution
		Debug|Any CPU = Debug|Any CPU
		Debug|x64 = Debug|x64
		Debug|x86 = Debug|x86
		Release|Any CPU = Release|Any CPU
		Release|x64 = Release|x64
		Release|x86 = Release|x86
	EndGlobalSection
	GlobalSection(ProjectConfigurationPlatforms) = postSolution
		{667EECF8-DF0C-48B6-A985-C60E27ABA00A}.Debug|Any CPU.ActiveCfg = Debug|Any CPU
		{667EECF8-DF0C-48B6-A985-C60E27ABA00A}.Debug|Any CPU.Build.0 = Debug|Any CPU
		{667EECF8-DF0C-48B6-A985-C60E27ABA00A}.Debug|x64.ActiveCfg = Debug|Any CPU
		{667EECF8-DF0C-48B6-A985-C60E27ABA00A}.Debug|x64.Build.0 = Debug|Any CPU
		{667EECF8-DF0C-48B6-A985-C60E27ABA00A}.Debug|x86.ActiveCfg = Debug|Any CPU
		{667EECF8-DF0C-48B6-A985-C60E27ABA00A}.Debug|x86.Build.0 = Debug|Any CPU
		{667EECF8-DF0C-48B6-A985-C60E27ABA00A}.Release|Any CPU.ActiveCfg = Release|Any CPU
		{667EECF8-DF0C-48B6-A985-C60E27ABA00A}.Release|Any CPU.Build.0 = Release|Any CPU
		{667EECF8-DF0C-48B6-A985-C60E27ABA00A}.Release|x64.ActiveCfg = Release|Any CPU
		{667EECF8-DF0C-48B6-A985-C60E27ABA00A}.Release|x64.Build.0 = Release|Any CPU
		{667EECF8-DF0C-48B6-A985-C60E27ABA00A}.Release|x86.ActiveCfg = Release|Any CPU
		{667EECF8-DF0C-48B6-A985-C60E27ABA00A}.Release|x86.Build.0 = Release|Any CPU
		{87BB1D8C-A2EF-469E-A8A8-1240D165AB27}.Debug|Any CPU.ActiveCfg = Debug|Any CPU
		{87BB1D8C-A2EF-469E-A8A8-1240D165AB27}.Debug|Any CPU.Build.0 = Debug|Any CPU
		{87BB1D8C-A2EF-469E-A8A8-1240D165AB27}.Debug|x64.ActiveCfg = Debug|Any CPU
		{87BB1D8C-A2EF-469E-A8A8-1240D165AB27}.Debug|x64.Build.0 = Debug|Any CPU
		{87BB1D8C-A2EF-469E-A8A8-1240D165AB27}.Debug|x86.ActiveCfg = Debug|Any CPU
		{87BB1D8C-A2EF-469E-A8A8-1240D165AB27}.Debug|x86.Build.0 = Debug|Any CPU
		{87BB1D8C-A2EF-469E-A8A8-1240D165AB27}.Release|Any CPU.ActiveCfg = Release|Any CPU
		{87BB1D8C-A2EF-469E-A8A8-1240D165AB27}.Release|Any CPU.Build.0 = Release|Any CPU
		{87BB1D8C-A2EF-469E-A8A8-1240D165AB27}.Release|x64.ActiveCfg = Release|Any CPU
		{87BB1D8C-A2EF-469E-A8A8-1240D165AB27}.Release|x64.Build.0 = Release|Any CPU
		{87BB1D8C-A2EF-469E-A8A8-1240D165AB27}.Release|x86.ActiveCfg = Release|Any CPU
		{87BB1D8C-A2EF-469E-A8A8-1240D165AB27}.Release|x86.Build.0 = Release|Any CPU
		{E326F25F-346A-45CF-A266-C619EA7AD987}.Debug|Any CPU.ActiveCfg = Debug|Any CPU
		{E326F25F-346A-45CF-A266-C619EA7AD987}.Debug|Any CPU.Build.0 = Debug|Any CPU
		{E326F25F-346A-45CF-A266-C619EA7AD987}.Debug|x64.ActiveCfg = Debug|Any CPU
		{E326F25F-346A-45CF-A266-C619EA7AD987}.Debug|x64.Build.0 = Debug|Any CPU
		{E326F25F-346A-45CF-A266-C619EA7AD987}.Debug|x86.ActiveCfg = Debug|Any CPU
		{E326F25F-346A-45CF-A266-C619EA7AD987}.Debug|x86.Build.0 = Debug|Any CPU
		{E326F25F-346A-45CF-A266-C619EA7AD987}.Release|Any CPU.ActiveCfg = Release|Any CPU
		{E326F25F-346A-45CF-A266-C619EA7AD987}.Release|Any CPU.Build.0 = Release|Any CPU
		{E326F25F-346A-45CF-A266-C619EA7AD987}.Release|x64.ActiveCfg = Release|Any CPU
		{E326F25F-346A-45CF-A266-C619EA7AD987}.Release|x64.Build.0 = Release|Any CPU
		{E326F25F-346A-45CF-A266-C619EA7AD987}.Release|x86.ActiveCfg = Release|Any CPU
		{E326F25F-346A-45CF-A266-C619EA7AD987}.Release|x86.Build.0 = Release|Any CPU
		{3BF01453-D1FD-4A2D-9D35-E2A142C1B747}.Debug|Any CPU.ActiveCfg = Debug|Any CPU
		{3BF01453-D1FD-4A2D-9D35-E2A142C1B747}.Debug|Any CPU.Build.0 = Debug|Any CPU
		{3BF01453-D1FD-4A2D-9D35-E2A142C1B747}.Debug|x64.ActiveCfg = Debug|Any CPU
		{3BF01453-D1FD-4A2D-9D35-E2A142C1B747}.Debug|x64.Build.0 = Debug|Any CPU
		{3BF01453-D1FD-4A2D-9D35-E2A142C1B747}.Debug|x86.ActiveCfg = Debug|Any CPU
		{3BF01453-D1FD-4A2D-9D35-E2A142C1B747}.Debug|x86.Build.0 = Debug|Any CPU
		{3BF01453-D1FD-4A2D-9D35-E2A142C1B747}.Release|Any CPU.ActiveCfg = Release|Any CPU
		{3BF01453-D1FD-4A2D-9D35-E2A142C1B747}.Release|Any CPU.Build.0 = Release|Any CPU
		{3BF01453-D1FD-4A2D-9D35-E2A142C1B747}.Release|x64.ActiveCfg = Release|Any CPU
		{3BF01453-D1FD-4A2D-9D35-E2A142C1B747}.Release|x64.Build.0 = Release|Any CPU
		{3BF01453-D1FD-4A2D-9D35-E2A142C1B747}.Release|x86.ActiveCfg = Release|Any CPU
		{3BF01453-D1FD-4A2D-9D35-E2A142C1B747}.Release|x86.Build.0 = Release|Any CPU
		{23832704-6288-4807-BD76-C6DB58D71AC0}.Debug|Any CPU.ActiveCfg = Debug|Any CPU
		{23832704-6288-4807-BD76-C6DB58D71AC0}.Debug|Any CPU.Build.0 = Debug|Any CPU
		{23832704-6288-4807-BD76-C6DB58D71AC0}.Debug|x64.ActiveCfg = Debug|Any CPU
		{23832704-6288-4807-BD76-C6DB58D71AC0}.Debug|x64.Build.0 = Debug|Any CPU
		{23832704-6288-4807-BD76-C6DB58D71AC0}.Debug|x86.ActiveCfg = Debug|Any CPU
		{23832704-6288-4807-BD76-C6DB58D71AC0}.Debug|x86.Build.0 = Debug|Any CPU
		{23832704-6288-4807-BD76-C6DB58D71AC0}.Release|Any CPU.ActiveCfg = Release|Any CPU
		{23832704-6288-4807-BD76-C6DB58D71AC0}.Release|Any CPU.Build.0 = Release|Any CPU
		{23832704-6288-4807-BD76-C6DB58D71AC0}.Release|x64.ActiveCfg = Release|Any CPU
		{23832704-6288-4807-BD76-C6DB58D71AC0}.Release|x64.Build.0 = Release|Any CPU
		{23832704-6288-4807-BD76-C6DB58D71AC0}.Release|x86.ActiveCfg = Release|Any CPU
		{23832704-6288-4807-BD76-C6DB58D71AC0}.Release|x86.Build.0 = Release|Any CPU
	EndGlobalSection
	GlobalSection(SolutionProperties) = preSolution
		HideSolutionNode = FALSE
	EndGlobalSection
	GlobalSection(ExtensibilityGlobals) = postSolution
		SolutionGuid = {F089D03B-3B9B-42CD-8766-9739786628DA}
	EndGlobalSection
EndGlobal
